// !$*UTF8*$!
{
	archiveVersion = 1;
	classes = {
	};
	objectVersion = 55;
	objects = {

/* Begin PBXBuildFile section */
		67492B1027F556AB00878034 /* landmarksApp.swift in Sources */ = {isa = PBXBuildFile; fileRef = 67492B0F27F556AB00878034 /* landmarksApp.swift */; };
		67492B1227F556AB00878034 /* ContentView.swift in Sources */ = {isa = PBXBuildFile; fileRef = 67492B1127F556AB00878034 /* ContentView.swift */; };
		67492B1427F556AC00878034 /* Assets.xcassets in Resources */ = {isa = PBXBuildFile; fileRef = 67492B1327F556AC00878034 /* Assets.xcassets */; };
		67492B1727F556AC00878034 /* Preview Assets.xcassets in Resources */ = {isa = PBXBuildFile; fileRef = 67492B1627F556AC00878034 /* Preview Assets.xcassets */; };
		67492B1E27F56BAD00878034 /* CircleImage.swift in Sources */ = {isa = PBXBuildFile; fileRef = 67492B1D27F56BAD00878034 /* CircleImage.swift */; };
		67492B2027F56F0500878034 /* MapView.swift in Sources */ = {isa = PBXBuildFile; fileRef = 67492B1F27F56F0500878034 /* MapView.swift */; };
		67492B2227F5762E00878034 /* landmarkData.json in Resources */ = {isa = PBXBuildFile; fileRef = 67492B2127F5762E00878034 /* landmarkData.json */; };
		67492B2427F576A200878034 /* Landmark.swift in Sources */ = {isa = PBXBuildFile; fileRef = 67492B2327F576A200878034 /* Landmark.swift */; };
		67492B2627F57F6000878034 /* ModelData.swift in Sources */ = {isa = PBXBuildFile; fileRef = 67492B2527F57F6000878034 /* ModelData.swift */; };
		67492B2C27F5864100878034 /* LandmarkRow.swift in Sources */ = {isa = PBXBuildFile; fileRef = 67492B2B27F5864100878034 /* LandmarkRow.swift */; };
		67492B2E27F5910D00878034 /* LandmarkList.swift in Sources */ = {isa = PBXBuildFile; fileRef = 67492B2D27F5910D00878034 /* LandmarkList.swift */; };
		67492B3027F5A6CD00878034 /* LandmarkDetail.swift in Sources */ = {isa = PBXBuildFile; fileRef = 67492B2F27F5A6CD00878034 /* LandmarkDetail.swift */; };
		67492B3227F5EE2600878034 /* FavoriteButton.swift in Sources */ = {isa = PBXBuildFile; fileRef = 67492B3127F5EE2600878034 /* FavoriteButton.swift */; };
		67492B3627F5F89800878034 /* HexagonParameters.swift in Sources */ = {isa = PBXBuildFile; fileRef = 67492B3527F5F89800878034 /* HexagonParameters.swift */; };
		67492B3827F603CE00878034 /* BadgeBackground.swift in Sources */ = {isa = PBXBuildFile; fileRef = 67492B3727F603CE00878034 /* BadgeBackground.swift */; };
		67492B3A27F6088600878034 /* BadgeSymbol.swift in Sources */ = {isa = PBXBuildFile; fileRef = 67492B3927F6088600878034 /* BadgeSymbol.swift */; };
		67492B3C27F6097600878034 /* RotatedBadgeSymbol.swift in Sources */ = {isa = PBXBuildFile; fileRef = 67492B3B27F6097600878034 /* RotatedBadgeSymbol.swift */; };
		67492B3E27F609FE00878034 /* Badge.swift in Sources */ = {isa = PBXBuildFile; fileRef = 67492B3D27F609FE00878034 /* Badge.swift */; };
		67492B4127F60BA900878034 /* hikeData.json in Resources */ = {isa = PBXBuildFile; fileRef = 67492B4027F60BA900878034 /* hikeData.json */; };
		67492B4327F6C23200878034 /* Hike.swift in Sources */ = {isa = PBXBuildFile; fileRef = 67492B4227F6C23200878034 /* Hike.swift */; };
		67492B4927F6D49F00878034 /* GraphCapsule.swift in Sources */ = {isa = PBXBuildFile; fileRef = 67492B4527F6D49F00878034 /* GraphCapsule.swift */; };
		67492B4A27F6D49F00878034 /* HikeGraph.swift in Sources */ = {isa = PBXBuildFile; fileRef = 67492B4627F6D49F00878034 /* HikeGraph.swift */; };
		67492B4B27F6D49F00878034 /* HikeDetail.swift in Sources */ = {isa = PBXBuildFile; fileRef = 67492B4727F6D49F00878034 /* HikeDetail.swift */; };
		67492B4C27F6D49F00878034 /* HikeView.swift in Sources */ = {isa = PBXBuildFile; fileRef = 67492B4827F6D49F00878034 /* HikeView.swift */; };
		67492B4F27F6F35200878034 /* CategoryHome.swift in Sources */ = {isa = PBXBuildFile; fileRef = 67492B4E27F6F35200878034 /* CategoryHome.swift */; };
		67492B5127F8000400878034 /* CategoryRow.swift in Sources */ = {isa = PBXBuildFile; fileRef = 67492B5027F8000400878034 /* CategoryRow.swift */; };
		67492B5327F83DDA00878034 /* CategoryItem.swift in Sources */ = {isa = PBXBuildFile; fileRef = 67492B5227F83DDA00878034 /* CategoryItem.swift */; };
		6762A6BE27F88F9D00556CE6 /* ProfileEditor.swift in Sources */ = {isa = PBXBuildFile; fileRef = 6762A6BD27F88F9D00556CE6 /* ProfileEditor.swift */; };
		6795131A2816C96100994BEB /* PageViewController.swift in Sources */ = {isa = PBXBuildFile; fileRef = 679513192816C96100994BEB /* PageViewController.swift */; };
		6795131C2816CB3700994BEB /* FeatureCard.swift in Sources */ = {isa = PBXBuildFile; fileRef = 6795131B2816CB3700994BEB /* FeatureCard.swift */; };
		6795131E2816CBD500994BEB /* PageView.swift in Sources */ = {isa = PBXBuildFile; fileRef = 6795131D2816CBD500994BEB /* PageView.swift */; };
		679513202816D07200994BEB /* PageControl.swift in Sources */ = {isa = PBXBuildFile; fileRef = 6795131F2816D07200994BEB /* PageControl.swift */; };
		67E51EBD27F845FC00FE466F /* Profile.swift in Sources */ = {isa = PBXBuildFile; fileRef = 67E51EBC27F845FC00FE466F /* Profile.swift */; };
		67E51EC027F847B000FE466F /* ProfileHost.swift in Sources */ = {isa = PBXBuildFile; fileRef = 67E51EBF27F847B000FE466F /* ProfileHost.swift */; };
		67E51EC227F87E3500FE466F /* ProfileSummary.swift in Sources */ = {isa = PBXBuildFile; fileRef = 67E51EC127F87E3500FE466F /* ProfileSummary.swift */; };
		67E51EC427F881A000FE466F /* HikeBadge.swift in Sources */ = {isa = PBXBuildFile; fileRef = 67E51EC327F881A000FE466F /* HikeBadge.swift */; };
/* End PBXBuildFile section */

/* Begin PBXFileReference section */
		67492B0C27F556AB00878034 /* landmarks.app */ = {isa = PBXFileReference; explicitFileType = wrapper.application; includeInIndex = 0; path = landmarks.app; sourceTree = BUILT_PRODUCTS_DIR; };
		67492B0F27F556AB00878034 /* landmarksApp.swift */ = {isa = PBXFileReference; lastKnownFileType = sourcecode.swift; path = landmarksApp.swift; sourceTree = "<group>"; };
		67492B1127F556AB00878034 /* ContentView.swift */ = {isa = PBXFileReference; lastKnownFileType = sourcecode.swift; path = ContentView.swift; sourceTree = "<group>"; };
		67492B1327F556AC00878034 /* Assets.xcassets */ = {isa = PBXFileReference; lastKnownFileType = folder.assetcatalog; path = Assets.xcassets; sourceTree = "<group>"; };
		67492B1627F556AC00878034 /* Preview Assets.xcassets */ = {isa = PBXFileReference; lastKnownFileType = folder.assetcatalog; path = "Preview Assets.xcassets"; sourceTree = "<group>"; };
		67492B1D27F56BAD00878034 /* CircleImage.swift */ = {isa = PBXFileReference; lastKnownFileType = sourcecode.swift; path = CircleImage.swift; sourceTree = "<group>"; };
		67492B1F27F56F0500878034 /* MapView.swift */ = {isa = PBXFileReference; lastKnownFileType = sourcecode.swift; path = MapView.swift; sourceTree = "<group>"; };
		67492B2127F5762E00878034 /* landmarkData.json */ = {isa = PBXFileReference; fileEncoding = 4; lastKnownFileType = text.json; path = landmarkData.json; sourceTree = "<group>"; };
		67492B2327F576A200878034 /* Landmark.swift */ = {isa = PBXFileReference; lastKnownFileType = sourcecode.swift; path = Landmark.swift; sourceTree = "<group>"; };
		67492B2527F57F6000878034 /* ModelData.swift */ = {isa = PBXFileReference; lastKnownFileType = sourcecode.swift; path = ModelData.swift; sourceTree = "<group>"; };
		67492B2B27F5864100878034 /* LandmarkRow.swift */ = {isa = PBXFileReference; lastKnownFileType = sourcecode.swift; path = LandmarkRow.swift; sourceTree = "<group>"; };
		67492B2D27F5910D00878034 /* LandmarkList.swift */ = {isa = PBXFileReference; lastKnownFileType = sourcecode.swift; path = LandmarkList.swift; sourceTree = "<group>"; };
		67492B2F27F5A6CD00878034 /* LandmarkDetail.swift */ = {isa = PBXFileReference; lastKnownFileType = sourcecode.swift; path = LandmarkDetail.swift; sourceTree = "<group>"; };
		67492B3127F5EE2600878034 /* FavoriteButton.swift */ = {isa = PBXFileReference; lastKnownFileType = sourcecode.swift; path = FavoriteButton.swift; sourceTree = "<group>"; };
		67492B3527F5F89800878034 /* HexagonParameters.swift */ = {isa = PBXFileReference; lastKnownFileType = sourcecode.swift; path = HexagonParameters.swift; sourceTree = "<group>"; };
		67492B3727F603CE00878034 /* BadgeBackground.swift */ = {isa = PBXFileReference; lastKnownFileType = sourcecode.swift; path = BadgeBackground.swift; sourceTree = "<group>"; };
		67492B3927F6088600878034 /* BadgeSymbol.swift */ = {isa = PBXFileReference; lastKnownFileType = sourcecode.swift; path = BadgeSymbol.swift; sourceTree = "<group>"; };
		67492B3B27F6097600878034 /* RotatedBadgeSymbol.swift */ = {isa = PBXFileReference; lastKnownFileType = sourcecode.swift; path = RotatedBadgeSymbol.swift; sourceTree = "<group>"; };
		67492B3D27F609FE00878034 /* Badge.swift */ = {isa = PBXFileReference; lastKnownFileType = sourcecode.swift; path = Badge.swift; sourceTree = "<group>"; };
		67492B4027F60BA900878034 /* hikeData.json */ = {isa = PBXFileReference; fileEncoding = 4; lastKnownFileType = text.json; path = hikeData.json; sourceTree = "<group>"; };
		67492B4227F6C23200878034 /* Hike.swift */ = {isa = PBXFileReference; lastKnownFileType = sourcecode.swift; path = Hike.swift; sourceTree = "<group>"; };
		67492B4527F6D49F00878034 /* GraphCapsule.swift */ = {isa = PBXFileReference; fileEncoding = 4; lastKnownFileType = sourcecode.swift; path = GraphCapsule.swift; sourceTree = "<group>"; };
		67492B4627F6D49F00878034 /* HikeGraph.swift */ = {isa = PBXFileReference; fileEncoding = 4; lastKnownFileType = sourcecode.swift; path = HikeGraph.swift; sourceTree = "<group>"; };
		67492B4727F6D49F00878034 /* HikeDetail.swift */ = {isa = PBXFileReference; fileEncoding = 4; lastKnownFileType = sourcecode.swift; path = HikeDetail.swift; sourceTree = "<group>"; };
		67492B4827F6D49F00878034 /* HikeView.swift */ = {isa = PBXFileReference; fileEncoding = 4; lastKnownFileType = sourcecode.swift; path = HikeView.swift; sourceTree = "<group>"; };
		67492B4E27F6F35200878034 /* CategoryHome.swift */ = {isa = PBXFileReference; lastKnownFileType = sourcecode.swift; path = CategoryHome.swift; sourceTree = "<group>"; };
		67492B5027F8000400878034 /* CategoryRow.swift */ = {isa = PBXFileReference; lastKnownFileType = sourcecode.swift; path = CategoryRow.swift; sourceTree = "<group>"; };
		67492B5227F83DDA00878034 /* CategoryItem.swift */ = {isa = PBXFileReference; lastKnownFileType = sourcecode.swift; path = CategoryItem.swift; sourceTree = "<group>"; };
		6762A6BD27F88F9D00556CE6 /* ProfileEditor.swift */ = {isa = PBXFileReference; lastKnownFileType = sourcecode.swift; path = ProfileEditor.swift; sourceTree = "<group>"; };
		679513192816C96100994BEB /* PageViewController.swift */ = {isa = PBXFileReference; lastKnownFileType = sourcecode.swift; path = PageViewController.swift; sourceTree = "<group>"; };
		6795131B2816CB3700994BEB /* FeatureCard.swift */ = {isa = PBXFileReference; lastKnownFileType = sourcecode.swift; path = FeatureCard.swift; sourceTree = "<group>"; };
		6795131D2816CBD500994BEB /* PageView.swift */ = {isa = PBXFileReference; lastKnownFileType = sourcecode.swift; path = PageView.swift; sourceTree = "<group>"; };
		6795131F2816D07200994BEB /* PageControl.swift */ = {isa = PBXFileReference; lastKnownFileType = sourcecode.swift; path = PageControl.swift; sourceTree = "<group>"; };
		67E51EBC27F845FC00FE466F /* Profile.swift */ = {isa = PBXFileReference; lastKnownFileType = sourcecode.swift; path = Profile.swift; sourceTree = "<group>"; };
		67E51EBF27F847B000FE466F /* ProfileHost.swift */ = {isa = PBXFileReference; lastKnownFileType = sourcecode.swift; path = ProfileHost.swift; sourceTree = "<group>"; };
		67E51EC127F87E3500FE466F /* ProfileSummary.swift */ = {isa = PBXFileReference; lastKnownFileType = sourcecode.swift; path = ProfileSummary.swift; sourceTree = "<group>"; };
		67E51EC327F881A000FE466F /* HikeBadge.swift */ = {isa = PBXFileReference; lastKnownFileType = sourcecode.swift; path = HikeBadge.swift; sourceTree = "<group>"; };
/* End PBXFileReference section */

/* Begin PBXFrameworksBuildPhase section */
		67492B0927F556AB00878034 /* Frameworks */ = {
			isa = PBXFrameworksBuildPhase;
			buildActionMask = 2147483647;
			files = (
			);
			runOnlyForDeploymentPostprocessing = 0;
		};
/* End PBXFrameworksBuildPhase section */

/* Begin PBXGroup section */
		67492B0327F556AB00878034 = {
			isa = PBXGroup;
			children = (
				67492B0E27F556AB00878034 /* landmarks */,
				67492B0D27F556AB00878034 /* Products */,
			);
			sourceTree = "<group>";
		};
		67492B0D27F556AB00878034 /* Products */ = {
			isa = PBXGroup;
			children = (
				67492B0C27F556AB00878034 /* landmarks.app */,
			);
			name = Products;
			sourceTree = "<group>";
		};
		67492B0E27F556AB00878034 /* landmarks */ = {
			isa = PBXGroup;
			children = (
				67492B0F27F556AB00878034 /* landmarksApp.swift */,
				67492B2A27F583B800878034 /* Resource */,
				67492B2927F5839D00878034 /* Model */,
				67492B2727F5836D00878034 /* Views */,
				67492B1327F556AC00878034 /* Assets.xcassets */,
				67492B1527F556AC00878034 /* Preview Content */,
			);
			path = landmarks;
			sourceTree = "<group>";
		};
		67492B1527F556AC00878034 /* Preview Content */ = {
			isa = PBXGroup;
			children = (
				67492B1627F556AC00878034 /* Preview Assets.xcassets */,
			);
			path = "Preview Content";
			sourceTree = "<group>";
		};
		67492B2727F5836D00878034 /* Views */ = {
			isa = PBXGroup;
			children = (
				67492B1127F556AB00878034 /* ContentView.swift */,
				679513182816C92E00994BEB /* PageView */,
				67E51EBE27F8476800FE466F /* Profiles */,
				67492B4D27F6F30400878034 /* Categories */,
				67492B4427F6D49F00878034 /* Hikes */,
				67492B3F27F60B1E00878034 /* Badges */,
				67492B3427F5F21D00878034 /* Landmarks */,
				67492B3327F5F21800878034 /* Helpers */,
			);
			path = Views;
			sourceTree = "<group>";
		};
		67492B2927F5839D00878034 /* Model */ = {
			isa = PBXGroup;
			children = (
				67492B2527F57F6000878034 /* ModelData.swift */,
				67E51EBC27F845FC00FE466F /* Profile.swift */,
				67492B4227F6C23200878034 /* Hike.swift */,
				67492B2327F576A200878034 /* Landmark.swift */,
			);
			path = Model;
			sourceTree = "<group>";
		};
		67492B2A27F583B800878034 /* Resource */ = {
			isa = PBXGroup;
			children = (
				67492B4027F60BA900878034 /* hikeData.json */,
				67492B2127F5762E00878034 /* landmarkData.json */,
			);
			name = Resource;
			sourceTree = "<group>";
		};
		67492B3327F5F21800878034 /* Helpers */ = {
			isa = PBXGroup;
			children = (
				67492B1F27F56F0500878034 /* MapView.swift */,
				67492B1D27F56BAD00878034 /* CircleImage.swift */,
				67492B3127F5EE2600878034 /* FavoriteButton.swift */,
			);
			path = Helpers;
			sourceTree = "<group>";
		};
		67492B3427F5F21D00878034 /* Landmarks */ = {
			isa = PBXGroup;
			children = (
				67492B2B27F5864100878034 /* LandmarkRow.swift */,
				67492B2D27F5910D00878034 /* LandmarkList.swift */,
				67492B2F27F5A6CD00878034 /* LandmarkDetail.swift */,
			);
			path = Landmarks;
			sourceTree = "<group>";
		};
		67492B3F27F60B1E00878034 /* Badges */ = {
			isa = PBXGroup;
			children = (
				67492B3B27F6097600878034 /* RotatedBadgeSymbol.swift */,
				67492B3527F5F89800878034 /* HexagonParameters.swift */,
				67492B3727F603CE00878034 /* BadgeBackground.swift */,
				67492B3D27F609FE00878034 /* Badge.swift */,
				67492B3927F6088600878034 /* BadgeSymbol.swift */,
			);
			path = Badges;
			sourceTree = "<group>";
		};
		67492B4427F6D49F00878034 /* Hikes */ = {
			isa = PBXGroup;
			children = (
				67492B4527F6D49F00878034 /* GraphCapsule.swift */,
				67492B4627F6D49F00878034 /* HikeGraph.swift */,
				67E51EC327F881A000FE466F /* HikeBadge.swift */,
				67492B4727F6D49F00878034 /* HikeDetail.swift */,
				67492B4827F6D49F00878034 /* HikeView.swift */,
			);
			path = Hikes;
			sourceTree = "<group>";
		};
		67492B4D27F6F30400878034 /* Categories */ = {
			isa = PBXGroup;
			children = (
				67492B4E27F6F35200878034 /* CategoryHome.swift */,
				67492B5027F8000400878034 /* CategoryRow.swift */,
				67492B5227F83DDA00878034 /* CategoryItem.swift */,
			);
			path = Categories;
			sourceTree = "<group>";
		};
		679513182816C92E00994BEB /* PageView */ = {
			isa = PBXGroup;
			children = (
				679513192816C96100994BEB /* PageViewController.swift */,
				6795131F2816D07200994BEB /* PageControl.swift */,
				6795131B2816CB3700994BEB /* FeatureCard.swift */,
				6795131D2816CBD500994BEB /* PageView.swift */,
			);
			path = PageView;
			sourceTree = "<group>";
		};
		67E51EBE27F8476800FE466F /* Profiles */ = {
			isa = PBXGroup;
			children = (
				67E51EBF27F847B000FE466F /* ProfileHost.swift */,
				67E51EC127F87E3500FE466F /* ProfileSummary.swift */,
				6762A6BD27F88F9D00556CE6 /* ProfileEditor.swift */,
			);
			path = Profiles;
			sourceTree = "<group>";
		};
/* End PBXGroup section */

/* Begin PBXNativeTarget section */
		67492B0B27F556AB00878034 /* landmarks */ = {
			isa = PBXNativeTarget;
			buildConfigurationList = 67492B1A27F556AC00878034 /* Build configuration list for PBXNativeTarget "landmarks" */;
			buildPhases = (
				67492B0827F556AB00878034 /* Sources */,
				67492B0927F556AB00878034 /* Frameworks */,
				67492B0A27F556AB00878034 /* Resources */,
			);
			buildRules = (
			);
			dependencies = (
			);
			name = landmarks;
			productName = landmarks;
			productReference = 67492B0C27F556AB00878034 /* landmarks.app */;
			productType = "com.apple.product-type.application";
		};
/* End PBXNativeTarget section */

/* Begin PBXProject section */
		67492B0427F556AB00878034 /* Project object */ = {
			isa = PBXProject;
			attributes = {
				BuildIndependentTargetsInParallel = 1;
				LastSwiftUpdateCheck = 1320;
				LastUpgradeCheck = 1320;
				TargetAttributes = {
					67492B0B27F556AB00878034 = {
						CreatedOnToolsVersion = 13.2.1;
					};
				};
			};
			buildConfigurationList = 67492B0727F556AB00878034 /* Build configuration list for PBXProject "landmarks" */;
			compatibilityVersion = "Xcode 13.0";
			developmentRegion = en;
			hasScannedForEncodings = 0;
			knownRegions = (
				en,
				Base,
			);
			mainGroup = 67492B0327F556AB00878034;
			productRefGroup = 67492B0D27F556AB00878034 /* Products */;
			projectDirPath = "";
			projectRoot = "";
			targets = (
				67492B0B27F556AB00878034 /* landmarks */,
			);
		};
/* End PBXProject section */

/* Begin PBXResourcesBuildPhase section */
		67492B0A27F556AB00878034 /* Resources */ = {
			isa = PBXResourcesBuildPhase;
			buildActionMask = 2147483647;
			files = (
				67492B4127F60BA900878034 /* hikeData.json in Resources */,
				67492B1727F556AC00878034 /* Preview Assets.xcassets in Resources */,
				67492B1427F556AC00878034 /* Assets.xcassets in Resources */,
				67492B2227F5762E00878034 /* landmarkData.json in Resources */,
			);
			runOnlyForDeploymentPostprocessing = 0;
		};
/* End PBXResourcesBuildPhase section */

/* Begin PBXSourcesBuildPhase section */
		67492B0827F556AB00878034 /* Sources */ = {
			isa = PBXSourcesBuildPhase;
			buildActionMask = 2147483647;
			files = (
				67492B5127F8000400878034 /* CategoryRow.swift in Sources */,
				67E51EBD27F845FC00FE466F /* Profile.swift in Sources */,
				67492B1227F556AB00878034 /* ContentView.swift in Sources */,
				67492B4F27F6F35200878034 /* CategoryHome.swift in Sources */,
				6795131C2816CB3700994BEB /* FeatureCard.swift in Sources */,
				67492B4A27F6D49F00878034 /* HikeGraph.swift in Sources */,
				67492B3E27F609FE00878034 /* Badge.swift in Sources */,
				67492B2027F56F0500878034 /* MapView.swift in Sources */,
				67492B4927F6D49F00878034 /* GraphCapsule.swift in Sources */,
				67492B1027F556AB00878034 /* landmarksApp.swift in Sources */,
				679513202816D07200994BEB /* PageControl.swift in Sources */,
				67492B3227F5EE2600878034 /* FavoriteButton.swift in Sources */,
				67492B5327F83DDA00878034 /* CategoryItem.swift in Sources */,
				67492B4B27F6D49F00878034 /* HikeDetail.swift in Sources */,
				67E51EC227F87E3500FE466F /* ProfileSummary.swift in Sources */,
				67492B3627F5F89800878034 /* HexagonParameters.swift in Sources */,
				67E51EC027F847B000FE466F /* ProfileHost.swift in Sources */,
				67492B4327F6C23200878034 /* Hike.swift in Sources */,
				67492B3C27F6097600878034 /* RotatedBadgeSymbol.swift in Sources */,
				6795131E2816CBD500994BEB /* PageView.swift in Sources */,
				67492B3A27F6088600878034 /* BadgeSymbol.swift in Sources */,
				6762A6BE27F88F9D00556CE6 /* ProfileEditor.swift in Sources */,
				67492B2E27F5910D00878034 /* LandmarkList.swift in Sources */,
				67492B4C27F6D49F00878034 /* HikeView.swift in Sources */,
				67492B3027F5A6CD00878034 /* LandmarkDetail.swift in Sources */,
				6795131A2816C96100994BEB /* PageViewController.swift in Sources */,
				67492B3827F603CE00878034 /* BadgeBackground.swift in Sources */,
				67E51EC427F881A000FE466F /* HikeBadge.swift in Sources */,
				67492B1E27F56BAD00878034 /* CircleImage.swift in Sources */,
				67492B2427F576A200878034 /* Landmark.swift in Sources */,
				67492B2C27F5864100878034 /* LandmarkRow.swift in Sources */,
				67492B2627F57F6000878034 /* ModelData.swift in Sources */,
			);
			runOnlyForDeploymentPostprocessing = 0;
		};
/* End PBXSourcesBuildPhase section */

/* Begin XCBuildConfiguration section */
		67492B1827F556AC00878034 /* Debug */ = {
			isa = XCBuildConfiguration;
			buildSettings = {
				ALWAYS_SEARCH_USER_PATHS = NO;
				CLANG_ANALYZER_NONNULL = YES;
				CLANG_ANALYZER_NUMBER_OBJECT_CONVERSION = YES_AGGRESSIVE;
				CLANG_CXX_LANGUAGE_STANDARD = "gnu++17";
				CLANG_CXX_LIBRARY = "libc++";
				CLANG_ENABLE_MODULES = YES;
				CLANG_ENABLE_OBJC_ARC = YES;
				CLANG_ENABLE_OBJC_WEAK = YES;
				CLANG_WARN_BLOCK_CAPTURE_AUTORELEASING = YES;
				CLANG_WARN_BOOL_CONVERSION = YES;
				CLANG_WARN_COMMA = YES;
				CLANG_WARN_CONSTANT_CONVERSION = YES;
				CLANG_WARN_DEPRECATED_OBJC_IMPLEMENTATIONS = YES;
				CLANG_WARN_DIRECT_OBJC_ISA_USAGE = YES_ERROR;
				CLANG_WARN_DOCUMENTATION_COMMENTS = YES;
				CLANG_WARN_EMPTY_BODY = YES;
				CLANG_WARN_ENUM_CONVERSION = YES;
				CLANG_WARN_INFINITE_RECURSION = YES;
				CLANG_WARN_INT_CONVERSION = YES;
				CLANG_WARN_NON_LITERAL_NULL_CONVERSION = YES;
				CLANG_WARN_OBJC_IMPLICIT_RETAIN_SELF = YES;
				CLANG_WARN_OBJC_LITERAL_CONVERSION = YES;
				CLANG_WARN_OBJC_ROOT_CLASS = YES_ERROR;
				CLANG_WARN_QUOTED_INCLUDE_IN_FRAMEWORK_HEADER = YES;
				CLANG_WARN_RANGE_LOOP_ANALYSIS = YES;
				CLANG_WARN_STRICT_PROTOTYPES = YES;
				CLANG_WARN_SUSPICIOUS_MOVE = YES;
				CLANG_WARN_UNGUARDED_AVAILABILITY = YES_AGGRESSIVE;
				CLANG_WARN_UNREACHABLE_CODE = YES;
				CLANG_WARN__DUPLICATE_METHOD_MATCH = YES;
				COPY_PHASE_STRIP = NO;
				DEBUG_INFORMATION_FORMAT = dwarf;
				ENABLE_STRICT_OBJC_MSGSEND = YES;
				ENABLE_TESTABILITY = YES;
				GCC_C_LANGUAGE_STANDARD = gnu11;
				GCC_DYNAMIC_NO_PIC = NO;
				GCC_NO_COMMON_BLOCKS = YES;
				GCC_OPTIMIZATION_LEVEL = 0;
				GCC_PREPROCESSOR_DEFINITIONS = (
					"DEBUG=1",
					"$(inherited)",
				);
				GCC_WARN_64_TO_32_BIT_CONVERSION = YES;
				GCC_WARN_ABOUT_RETURN_TYPE = YES_ERROR;
				GCC_WARN_UNDECLARED_SELECTOR = YES;
				GCC_WARN_UNINITIALIZED_AUTOS = YES_AGGRESSIVE;
				GCC_WARN_UNUSED_FUNCTION = YES;
				GCC_WARN_UNUSED_VARIABLE = YES;
				IPHONEOS_DEPLOYMENT_TARGET = 15.2;
				MTL_ENABLE_DEBUG_INFO = INCLUDE_SOURCE;
				MTL_FAST_MATH = YES;
				ONLY_ACTIVE_ARCH = YES;
				SDKROOT = iphoneos;
				SWIFT_ACTIVE_COMPILATION_CONDITIONS = DEBUG;
				SWIFT_OPTIMIZATION_LEVEL = "-Onone";
			};
			name = Debug;
		};
		67492B1927F556AC00878034 /* Release */ = {
			isa = XCBuildConfiguration;
			buildSettings = {
				ALWAYS_SEARCH_USER_PATHS = NO;
				CLANG_ANALYZER_NONNULL = YES;
				CLANG_ANALYZER_NUMBER_OBJECT_CONVERSION = YES_AGGRESSIVE;
				CLANG_CXX_LANGUAGE_STANDARD = "gnu++17";
				CLANG_CXX_LIBRARY = "libc++";
				CLANG_ENABLE_MODULES = YES;
				CLANG_ENABLE_OBJC_ARC = YES;
				CLANG_ENABLE_OBJC_WEAK = YES;
				CLANG_WARN_BLOCK_CAPTURE_AUTORELEASING = YES;
				CLANG_WARN_BOOL_CONVERSION = YES;
				CLANG_WARN_COMMA = YES;
				CLANG_WARN_CONSTANT_CONVERSION = YES;
				CLANG_WARN_DEPRECATED_OBJC_IMPLEMENTATIONS = YES;
				CLANG_WARN_DIRECT_OBJC_ISA_USAGE = YES_ERROR;
				CLANG_WARN_DOCUMENTATION_COMMENTS = YES;
				CLANG_WARN_EMPTY_BODY = YES;
				CLANG_WARN_ENUM_CONVERSION = YES;
				CLANG_WARN_INFINITE_RECURSION = YES;
				CLANG_WARN_INT_CONVERSION = YES;
				CLANG_WARN_NON_LITERAL_NULL_CONVERSION = YES;
				CLANG_WARN_OBJC_IMPLICIT_RETAIN_SELF = YES;
				CLANG_WARN_OBJC_LITERAL_CONVERSION = YES;
				CLANG_WARN_OBJC_ROOT_CLASS = YES_ERROR;
				CLANG_WARN_QUOTED_INCLUDE_IN_FRAMEWORK_HEADER = YES;
				CLANG_WARN_RANGE_LOOP_ANALYSIS = YES;
				CLANG_WARN_STRICT_PROTOTYPES = YES;
				CLANG_WARN_SUSPICIOUS_MOVE = YES;
				CLANG_WARN_UNGUARDED_AVAILABILITY = YES_AGGRESSIVE;
				CLANG_WARN_UNREACHABLE_CODE = YES;
				CLANG_WARN__DUPLICATE_METHOD_MATCH = YES;
				COPY_PHASE_STRIP = NO;
				DEBUG_INFORMATION_FORMAT = "dwarf-with-dsym";
				ENABLE_NS_ASSERTIONS = NO;
				ENABLE_STRICT_OBJC_MSGSEND = YES;
				GCC_C_LANGUAGE_STANDARD = gnu11;
				GCC_NO_COMMON_BLOCKS = YES;
				GCC_WARN_64_TO_32_BIT_CONVERSION = YES;
				GCC_WARN_ABOUT_RETURN_TYPE = YES_ERROR;
				GCC_WARN_UNDECLARED_SELECTOR = YES;
				GCC_WARN_UNINITIALIZED_AUTOS = YES_AGGRESSIVE;
				GCC_WARN_UNUSED_FUNCTION = YES;
				GCC_WARN_UNUSED_VARIABLE = YES;
				IPHONEOS_DEPLOYMENT_TARGET = 15.2;
				MTL_ENABLE_DEBUG_INFO = NO;
				MTL_FAST_MATH = YES;
				SDKROOT = iphoneos;
				SWIFT_COMPILATION_MODE = wholemodule;
				SWIFT_OPTIMIZATION_LEVEL = "-O";
				VALIDATE_PRODUCT = YES;
			};
			name = Release;
		};
		67492B1B27F556AC00878034 /* Debug */ = {
			isa = XCBuildConfiguration;
			buildSettings = {
				ASSETCATALOG_COMPILER_APPICON_NAME = AppIcon;
				ASSETCATALOG_COMPILER_GLOBAL_ACCENT_COLOR_NAME = AccentColor;
				CODE_SIGN_STYLE = Automatic;
				CURRENT_PROJECT_VERSION = 1;
				DEVELOPMENT_ASSET_PATHS = "\"landmarks/Preview Content\"";
				DEVELOPMENT_TEAM = 8G9QJBS8AT;
				ENABLE_PREVIEWS = YES;
				GENERATE_INFOPLIST_FILE = YES;
				INFOPLIST_KEY_UIApplicationSceneManifest_Generation = YES;
				INFOPLIST_KEY_UIApplicationSupportsIndirectInputEvents = YES;
				INFOPLIST_KEY_UILaunchScreen_Generation = YES;
				INFOPLIST_KEY_UISupportedInterfaceOrientations_iPad = "UIInterfaceOrientationPortrait UIInterfaceOrientationPortraitUpsideDown UIInterfaceOrientationLandscapeLeft UIInterfaceOrientationLandscapeRight";
				INFOPLIST_KEY_UISupportedInterfaceOrientations_iPhone = "UIInterfaceOrientationPortrait UIInterfaceOrientationLandscapeLeft UIInterfaceOrientationLandscapeRight";
				LD_RUNPATH_SEARCH_PATHS = (
					"$(inherited)",
					"@executable_path/Frameworks",
				);
				MARKETING_VERSION = 1.0;
				PRODUCT_BUNDLE_IDENTIFIER = jooeun.landmarks;
				PRODUCT_NAME = "$(TARGET_NAME)";
				SWIFT_EMIT_LOC_STRINGS = YES;
				SWIFT_VERSION = 5.0;
				TARGETED_DEVICE_FAMILY = "1,2";
			};
			name = Debug;
		};
		67492B1C27F556AC00878034 /* Release */ = {
			isa = XCBuildConfiguration;
			buildSettings = {
				ASSETCATALOG_COMPILER_APPICON_NAME = AppIcon;
				ASSETCATALOG_COMPILER_GLOBAL_ACCENT_COLOR_NAME = AccentColor;
				CODE_SIGN_STYLE = Automatic;
				CURRENT_PROJECT_VERSION = 1;
				DEVELOPMENT_ASSET_PATHS = "\"landmarks/Preview Content\"";
				DEVELOPMENT_TEAM = 8G9QJBS8AT;
				ENABLE_PREVIEWS = YES;
				GENERATE_INFOPLIST_FILE = YES;
				INFOPLIST_KEY_UIApplicationSceneManifest_Generation = YES;
				INFOPLIST_KEY_UIApplicationSupportsIndirectInputEvents = YES;
				INFOPLIST_KEY_UILaunchScreen_Generation = YES;
				INFOPLIST_KEY_UISupportedInterfaceOrientations_iPad = "UIInterfaceOrientationPortrait UIInterfaceOrientationPortraitUpsideDown UIInterfaceOrientationLandscapeLeft UIInterfaceOrientationLandscapeRight";
				INFOPLIST_KEY_UISupportedInterfaceOrientations_iPhone = "UIInterfaceOrientationPortrait UIInterfaceOrientationLandscapeLeft UIInterfaceOrientationLandscapeRight";
				LD_RUNPATH_SEARCH_PATHS = (
					"$(inherited)",
					"@executable_path/Frameworks",
				);
				MARKETING_VERSION = 1.0;
				PRODUCT_BUNDLE_IDENTIFIER = jooeun.landmarks;
				PRODUCT_NAME = "$(TARGET_NAME)";
				SWIFT_EMIT_LOC_STRINGS = YES;
				SWIFT_VERSION = 5.0;
				TARGETED_DEVICE_FAMILY = "1,2";
			};
			name = Release;
		};
/* End XCBuildConfiguration section */

/* Begin XCConfigurationList section */
		67492B0727F556AB00878034 /* Build configuration list for PBXProject "landmarks" */ = {
			isa = XCConfigurationList;
			buildConfigurations = (
				67492B1827F556AC00878034 /* Debug */,
				67492B1927F556AC00878034 /* Release */,
			);
			defaultConfigurationIsVisible = 0;
			defaultConfigurationName = Release;
		};
		67492B1A27F556AC00878034 /* Build configuration list for PBXNativeTarget "landmarks" */ = {
			isa = XCConfigurationList;
			buildConfigurations = (
				67492B1B27F556AC00878034 /* Debug */,
				67492B1C27F556AC00878034 /* Release */,
			);
			defaultConfigurationIsVisible = 0;
			defaultConfigurationName = Release;
		};
/* End XCConfigurationList section */
	};
	rootObject = 67492B0427F556AB00878034 /* Project object */;
}
